// !$*UTF8*$!
{
	archiveVersion = 1;
	classes = {
	};
	objectVersion = 46;
	objects = {

/* Begin PBXBuildFile section */
		980715E91D088B1E0096E997 /* AppDelegate.swift in Sources */ = {isa = PBXBuildFile; fileRef = 980715E81D088B1E0096E997 /* AppDelegate.swift */; };
		980715EB1D088B1E0096E997 /* ViewController.swift in Sources */ = {isa = PBXBuildFile; fileRef = 980715EA1D088B1E0096E997 /* ViewController.swift */; };
		980715EE1D088B1E0096E997 /* Main.storyboard in Resources */ = {isa = PBXBuildFile; fileRef = 980715EC1D088B1E0096E997 /* Main.storyboard */; };
		980715F01D088B1E0096E997 /* Assets.xcassets in Resources */ = {isa = PBXBuildFile; fileRef = 980715EF1D088B1E0096E997 /* Assets.xcassets */; };
		980715F31D088B1E0096E997 /* LaunchScreen.storyboard in Resources */ = {isa = PBXBuildFile; fileRef = 980715F11D088B1E0096E997 /* LaunchScreen.storyboard */; };
		980715FB1D08B8330096E997 /* Penguin.swift in Sources */ = {isa = PBXBuildFile; fileRef = 980715FA1D08B8330096E997 /* Penguin.swift */; settings = {ASSET_TAGS = (); }; };
		98E3C2B41D0C6F6B000E1950 /* Animal.swift in Sources */ = {isa = PBXBuildFile; fileRef = 98E3C2B31D0C6F6B000E1950 /* Animal.swift */; settings = {ASSET_TAGS = (); }; };
		98E3C2B61D0C75BD000E1950 /* BodyStatistics.swift in Sources */ = {isa = PBXBuildFile; fileRef = 98E3C2B51D0C75BD000E1950 /* BodyStatistics.swift */; settings = {ASSET_TAGS = (); }; };
		98E3C2B81D0C7676000E1950 /* PersonalInformation.swift in Sources */ = {isa = PBXBuildFile; fileRef = 98E3C2B71D0C7676000E1950 /* PersonalInformation.swift */; settings = {ASSET_TAGS = (); }; };
		98E3C2BA1D0C7F24000E1950 /* Tiger.swift in Sources */ = {isa = PBXBuildFile; fileRef = 98E3C2B91D0C7F24000E1950 /* Tiger.swift */; settings = {ASSET_TAGS = (); }; };
/* End PBXBuildFile section */

/* Begin PBXFileReference section */
		980715E51D088B1E0096E997 /* TripToTheZoo.app */ = {isa = PBXFileReference; explicitFileType = wrapper.application; includeInIndex = 0; path = TripToTheZoo.app; sourceTree = BUILT_PRODUCTS_DIR; };
		980715E81D088B1E0096E997 /* AppDelegate.swift */ = {isa = PBXFileReference; lastKnownFileType = sourcecode.swift; path = AppDelegate.swift; sourceTree = "<group>"; };
		980715EA1D088B1E0096E997 /* ViewController.swift */ = {isa = PBXFileReference; lastKnownFileType = sourcecode.swift; path = ViewController.swift; sourceTree = "<group>"; };
		980715ED1D088B1E0096E997 /* Base */ = {isa = PBXFileReference; lastKnownFileType = file.storyboard; name = Base; path = Base.lproj/Main.storyboard; sourceTree = "<group>"; };
		980715EF1D088B1E0096E997 /* Assets.xcassets */ = {isa = PBXFileReference; lastKnownFileType = folder.assetcatalog; path = Assets.xcassets; sourceTree = "<group>"; };
		980715F21D088B1E0096E997 /* Base */ = {isa = PBXFileReference; lastKnownFileType = file.storyboard; name = Base; path = Base.lproj/LaunchScreen.storyboard; sourceTree = "<group>"; };
		980715F41D088B1E0096E997 /* Info.plist */ = {isa = PBXFileReference; lastKnownFileType = text.plist.xml; path = Info.plist; sourceTree = "<group>"; };
		980715FA1D08B8330096E997 /* Penguin.swift */ = {isa = PBXFileReference; fileEncoding = 4; lastKnownFileType = sourcecode.swift; path = Penguin.swift; sourceTree = "<group>"; };
		98E3C2B31D0C6F6B000E1950 /* Animal.swift */ = {isa = PBXFileReference; fileEncoding = 4; lastKnownFileType = sourcecode.swift; path = Animal.swift; sourceTree = "<group>"; };
		98E3C2B51D0C75BD000E1950 /* BodyStatistics.swift */ = {isa = PBXFileReference; fileEncoding = 4; lastKnownFileType = sourcecode.swift; path = BodyStatistics.swift; sourceTree = "<group>"; };
		98E3C2B71D0C7676000E1950 /* PersonalInformation.swift */ = {isa = PBXFileReference; fileEncoding = 4; lastKnownFileType = sourcecode.swift; path = PersonalInformation.swift; sourceTree = "<group>"; };
		98E3C2B91D0C7F24000E1950 /* Tiger.swift */ = {isa = PBXFileReference; fileEncoding = 4; lastKnownFileType = sourcecode.swift; path = Tiger.swift; sourceTree = "<group>"; };
/* End PBXFileReference section */

/* Begin PBXFrameworksBuildPhase section */
		980715E21D088B1E0096E997 /* Frameworks */ = {
			isa = PBXFrameworksBuildPhase;
			buildActionMask = 2147483647;
			files = (
			);
			runOnlyForDeploymentPostprocessing = 0;
		};
/* End PBXFrameworksBuildPhase section */

/* Begin PBXGroup section */
		980715DC1D088B1E0096E997 = {
			isa = PBXGroup;
			children = (
				980715E71D088B1E0096E997 /* TripToTheZoo */,
				980715E61D088B1E0096E997 /* Products */,
			);
			sourceTree = "<group>";
		};
		980715E61D088B1E0096E997 /* Products */ = {
			isa = PBXGroup;
			children = (
				980715E51D088B1E0096E997 /* TripToTheZoo.app */,
			);
			name = Products;
			sourceTree = "<group>";
		};
		980715E71D088B1E0096E997 /* TripToTheZoo */ = {
			isa = PBXGroup;
			children = (
				980715E81D088B1E0096E997 /* AppDelegate.swift */,
				980715EA1D088B1E0096E997 /* ViewController.swift */,
				980715FC1D08B8AD0096E997 /* Model */,
				980715EC1D088B1E0096E997 /* Main.storyboard */,
				980715EF1D088B1E0096E997 /* Assets.xcassets */,
				980715F11D088B1E0096E997 /* LaunchScreen.storyboard */,
				980715F41D088B1E0096E997 /* Info.plist */,
			);
			path = TripToTheZoo;
			sourceTree = "<group>";
		};
		980715FC1D08B8AD0096E997 /* Model */ = {
			isa = PBXGroup;
			children = (
				980715FA1D08B8330096E997 /* Penguin.swift */,
				98E3C2B31D0C6F6B000E1950 /* Animal.swift */,
				98E3C2B51D0C75BD000E1950 /* BodyStatistics.swift */,
				98E3C2B71D0C7676000E1950 /* PersonalInformation.swift */,
				98E3C2B91D0C7F24000E1950 /* Tiger.swift */,
			);
			name = Model;
			sourceTree = "<group>";
		};
/* End PBXGroup section */

/* Begin PBXNativeTarget section */
		980715E41D088B1E0096E997 /* TripToTheZoo */ = {
			isa = PBXNativeTarget;
			buildConfigurationList = 980715F71D088B1E0096E997 /* Build configuration list for PBXNativeTarget "TripToTheZoo" */;
			buildPhases = (
				980715E11D088B1E0096E997 /* Sources */,
				980715E21D088B1E0096E997 /* Frameworks */,
				980715E31D088B1E0096E997 /* Resources */,
			);
			buildRules = (
			);
			dependencies = (
			);
			name = TripToTheZoo;
			productName = TripToTheZoo;
			productReference = 980715E51D088B1E0096E997 /* TripToTheZoo.app */;
			productType = "com.apple.product-type.application";
		};
/* End PBXNativeTarget section */

/* Begin PBXProject section */
		980715DD1D088B1E0096E997 /* Project object */ = {
			isa = PBXProject;
			attributes = {
				LastUpgradeCheck = 0700;
				ORGANIZATIONNAME = "Mr. Nobel";
				TargetAttributes = {
					980715E41D088B1E0096E997 = {
						CreatedOnToolsVersion = 7.0.1;
					};
				};
			};
			buildConfigurationList = 980715E01D088B1E0096E997 /* Build configuration list for PBXProject "TripToTheZoo" */;
			compatibilityVersion = "Xcode 3.2";
			developmentRegion = English;
			hasScannedForEncodings = 0;
			knownRegions = (
				en,
				Base,
			);
			mainGroup = 980715DC1D088B1E0096E997;
			productRefGroup = 980715E61D088B1E0096E997 /* Products */;
			projectDirPath = "";
			projectRoot = "";
			targets = (
				980715E41D088B1E0096E997 /* TripToTheZoo */,
			);
		};
/* End PBXProject section */

/* Begin PBXResourcesBuildPhase section */
		980715E31D088B1E0096E997 /* Resources */ = {
			isa = PBXResourcesBuildPhase;
			buildActionMask = 2147483647;
			files = (
				980715F31D088B1E0096E997 /* LaunchScreen.storyboard in Resources */,
				980715F01D088B1E0096E997 /* Assets.xcassets in Resources */,
				980715EE1D088B1E0096E997 /* Main.storyboard in Resources */,
			);
			runOnlyForDeploymentPostprocessing = 0;
		};
/* End PBXResourcesBuildPhase section */

/* Begin PBXSourcesBuildPhase section */
		980715E11D088B1E0096E997 /* Sources */ = {
			isa = PBXSourcesBuildPhase;
			buildActionMask = 2147483647;
			files = (
				980715EB1D088B1E0096E997 /* ViewController.swift in Sources */,
				98E3C2B61D0C75BD000E1950 /* BodyStatistics.swift in Sources */,
				98E3C2B41D0C6F6B000E1950 /* Animal.swift in Sources */,
				98E3C2BA1D0C7F24000E1950 /* Tiger.swift in Sources */,
				980715E91D088B1E0096E997 /* AppDelegate.swift in Sources */,
				98E3C2B81D0C7676000E1950 /* PersonalInformation.swift in Sources */,
				980715FB1D08B8330096E997 /* Penguin.swift in Sources */,
			);
			runOnlyForDeploymentPostprocessing = 0;
		};
/* End PBXSourcesBuildPhase section */

/* Begin PBXVariantGroup section */
		980715EC1D088B1E0096E997 /* Main.storyboard */ = {
			isa = PBXVariantGroup;
			children = (
				980715ED1D088B1E0096E997 /* Base */,
			);
			name = Main.storyboard;
			sourceTree = "<group>";
		};
		980715F11D088B1E0096E997 /* LaunchScreen.storyboard */ = {
			isa = PBXVariantGroup;
			children = (
				980715F21D088B1E0096E997 /* Base */,
			);
			name = LaunchScreen.storyboard;
			sourceTree = "<group>";
		};
/* End PBXVariantGroup section */

/* Begin XCBuildConfiguration section */
		980715F51D088B1E0096E997 /* Debug */ = {
			isa = XCBuildConfiguration;
			buildSettings = {
				ALWAYS_SEARCH_USER_PATHS = NO;
				CLANG_CXX_LANGUAGE_STANDARD = "gnu++0x";
				CLANG_CXX_LIBRARY = "libc++";
				CLANG_ENABLE_MODULES = YES;
				CLANG_ENABLE_OBJC_ARC = YES;
				CLANG_WARN_BOOL_CONVERSION = YES;
				CLANG_WARN_CONSTANT_CONVERSION = YES;
				CLANG_WARN_DIRECT_OBJC_ISA_USAGE = YES_ERROR;
				CLANG_WARN_EMPTY_BODY = YES;
				CLANG_WARN_ENUM_CONVERSION = YES;
				CLANG_WARN_INT_CONVERSION = YES;
				CLANG_WARN_OBJC_ROOT_CLASS = YES_ERROR;
				CLANG_WARN_UNREACHABLE_CODE = YES;
				CLANG_WARN__DUPLICATE_METHOD_MATCH = YES;
				"CODE_SIGN_IDENTITY[sdk=iphoneos*]" = "iPhone Developer";
				COPY_PHASE_STRIP = NO;
				DEBUG_INFORMATION_FORMAT = dwarf;
				ENABLE_STRICT_OBJC_MSGSEND = YES;
				ENABLE_TESTABILITY = YES;
				GCC_C_LANGUAGE_STANDARD = gnu99;
				GCC_DYNAMIC_NO_PIC = NO;
				GCC_NO_COMMON_BLOCKS = YES;
				GCC_OPTIMIZATION_LEVEL = 0;
				GCC_PREPROCESSOR_DEFINITIONS = (
					"DEBUG=1",
					"$(inherited)",
				);
				GCC_WARN_64_TO_32_BIT_CONVERSION = YES;
				GCC_WARN_ABOUT_RETURN_TYPE = YES_ERROR;
				GCC_WARN_UNDECLARED_SELECTOR = YES;
				GCC_WARN_UNINITIALIZED_AUTOS = YES_AGGRESSIVE;
				GCC_WARN_UNUSED_FUNCTION = YES;
				GCC_WARN_UNUSED_VARIABLE = YES;
				IPHONEOS_DEPLOYMENT_TARGET = 9.0;
				MTL_ENABLE_DEBUG_INFO = YES;
				ONLY_ACTIVE_ARCH = YES;
				SDKROOT = iphoneos;
				SWIFT_OPTIMIZATION_LEVEL = "-Onone";
			};
			name = Debug;
		};
		980715F61D088B1E0096E997 /* Release */ = {
			isa = XCBuildConfiguration;
			buildSettings = {
				ALWAYS_SEARCH_USER_PATHS = NO;
				CLANG_CXX_LANGUAGE_STANDARD = "gnu++0x";
				CLANG_CXX_LIBRARY = "libc++";
				CLANG_ENABLE_MODULES = YES;
				CLANG_ENABLE_OBJC_ARC = YES;
				CLANG_WARN_BOOL_CONVERSION = YES;
				CLANG_WARN_CONSTANT_CONVERSION = YES;
				CLANG_WARN_DIRECT_OBJC_ISA_USAGE = YES_ERROR;
				CLANG_WARN_EMPTY_BODY = YES;
				CLANG_WARN_ENUM_CONVERSION = YES;
				CLANG_WARN_INT_CONVERSION = YES;
				CLANG_WARN_OBJC_ROOT_CLASS = YES_ERROR;
				CLANG_WARN_UNREACHABLE_CODE = YES;
				CLANG_WARN__DUPLICATE_METHOD_MATCH = YES;
				"CODE_SIGN_IDENTITY[sdk=iphoneos*]" = "iPhone Developer";
				COPY_PHASE_STRIP = NO;
				DEBUG_INFORMATION_FORMAT = "dwarf-with-dsym";
				ENABLE_NS_ASSERTIONS = NO;
				ENABLE_STRICT_OBJC_MSGSEND = YES;
				GCC_C_LANGUAGE_STANDARD = gnu99;
				GCC_NO_COMMON_BLOCKS = YES;
				GCC_WARN_64_TO_32_BIT_CONVERSION = YES;
				GCC_WARN_ABOUT_RETURN_TYPE = YES_ERROR;
				GCC_WARN_UNDECLARED_SELECTOR = YES;
				GCC_WARN_UNINITIALIZED_AUTOS = YES_AGGRESSIVE;
				GCC_WARN_UNUSED_FUNCTION = YES;
				GCC_WARN_UNUSED_VARIABLE = YES;
				IPHONEOS_DEPLOYMENT_TARGET = 9.0;
				MTL_ENABLE_DEBUG_INFO = NO;
				SDKROOT = iphoneos;
				VALIDATE_PRODUCT = YES;
			};
			name = Release;
		};
		980715F81D088B1E0096E997 /* Debug */ = {
			isa = XCBuildConfiguration;
			buildSettings = {
				ASSETCATALOG_COMPILER_APPICON_NAME = AppIcon;
				INFOPLIST_FILE = TripToTheZoo/Info.plist;
				LD_RUNPATH_SEARCH_PATHS = "$(inherited) @executable_path/Frameworks";
				PRODUCT_BUNDLE_IDENTIFIER = OldWestbury.TripToTheZoo;
				PRODUCT_NAME = "$(TARGET_NAME)";
			};
			name = Debug;
		};
		980715F91D088B1E0096E997 /* Release */ = {
			isa = XCBuildConfiguration;
			buildSettings = {
				ASSETCATALOG_COMPILER_APPICON_NAME = AppIcon;
				INFOPLIST_FILE = TripToTheZoo/Info.plist;
				LD_RUNPATH_SEARCH_PATHS = "$(inherited) @executable_path/Frameworks";
				PRODUCT_BUNDLE_IDENTIFIER = OldWestbury.TripToTheZoo;
				PRODUCT_NAME = "$(TARGET_NAME)";
			};
			name = Release;
		};
/* End XCBuildConfiguration section */

/* Begin XCConfigurationList section */
		980715E01D088B1E0096E997 /* Build configuration list for PBXProject "TripToTheZoo" */ = {
			isa = XCConfigurationList;
			buildConfigurations = (
				980715F51D088B1E0096E997 /* Debug */,
				980715F61D088B1E0096E997 /* Release */,
			);
			defaultConfigurationIsVisible = 0;
			defaultConfigurationName = Release;
		};
		980715F71D088B1E0096E997 /* Build configuration list for PBXNativeTarget "TripToTheZoo" */ = {
			isa = XCConfigurationList;
			buildConfigurations = (
				980715F81D088B1E0096E997 /* Debug */,
				980715F91D088B1E0096E997 /* Release */,
			);
			defaultConfigurationIsVisible = 0;
			defaultConfigurationName = Release;
		};
/* End XCConfigurationList section */
	};
	rootObject = 980715DD1D088B1E0096E997 /* Project object */;
}
